
Microsoft Visual Studio Solution File, Format Version 12.00
# Visual Studio 15
VisualStudioVersion = 15.0.26430.13
MinimumVisualStudioVersion = 10.0.40219.1
Project("{FAE04EC0-301F-11D3-BF4B-00C04F79EFBC}") = "EmployeeWeb2", "EmployeeWeb2\EmployeeWeb2.csproj", "{79FB9B27-7F9A-4E88-9241-FA7EEF186E98}"
EndProject
Project("{FAE04EC0-301F-11D3-BF4B-00C04F79EFBC}") = "EmployeeWeb2.Tests", "EmployeeWeb2.Tests\EmployeeWeb2.Tests.csproj", "{C517FEAA-6642-440C-A929-8833A379ED98}"
EndProject
Global
	GlobalSection(SolutionConfigurationPlatforms) = preSolution
		Debug|Any CPU = Debug|Any CPU
		Release|Any CPU = Release|Any CPU
	EndGlobalSection
	GlobalSection(ProjectConfigurationPlatforms) = postSolution
		{79FB9B27-7F9A-4E88-9241-FA7EEF186E98}.Debug|Any CPU.ActiveCfg = Debug|Any CPU
		{79FB9B27-7F9A-4E88-9241-FA7EEF186E98}.Debug|Any CPU.Build.0 = Debug|Any CPU
		{79FB9B27-7F9A-4E88-9241-FA7EEF186E98}.Release|Any CPU.ActiveCfg = Release|Any CPU
		{79FB9B27-7F9A-4E88-9241-FA7EEF186E98}.Release|Any CPU.Build.0 = Release|Any CPU
		{C517FEAA-6642-440C-A929-8833A379ED98}.Debug|Any CPU.ActiveCfg = Debug|Any CPU
		{C517FEAA-6642-440C-A929-8833A379ED98}.Debug|Any CPU.Build.0 = Debug|Any CPU
		{C517FEAA-6642-440C-A929-8833A379ED98}.Release|Any CPU.ActiveCfg = Release|Any CPU
		{C517FEAA-6642-440C-A929-8833A379ED98}.Release|Any CPU.Build.0 = Release|Any CPU
	EndGlobalSection
	GlobalSection(SolutionProperties) = preSolution
		HideSolutionNode = FALSE
	EndGlobalSection
	GlobalSection(ExtensibilityGlobals) = postSolution
		SolutionGuid = {462FB469-0958-46A1-B127-B41885F1124B}
	EndGlobalSection
EndGlobal
