
Microsoft Visual Studio Solution File, Format Version 12.00
# Visual Studio 15
VisualStudioVersion = 15.0.26430.13
MinimumVisualStudioVersion = 10.0.40219.1
Project("{9A19103F-16F7-4668-BE54-9A1E7A4F7556}") = "EmployeeWeb", "EmployeeWeb\EmployeeWeb.csproj", "{20120FC0-D120-40B2-8258-685EB2E3C8F6}"
EndProject
Project("{9A19103F-16F7-4668-BE54-9A1E7A4F7556}") = "EmployeeBusiness", "EmployeeBusiness\EmployeeBusiness.csproj", "{89143826-2E61-4607-89D7-BCFD5448AD84}"
EndProject
Project("{FAE04EC0-301F-11D3-BF4B-00C04F79EFBC}") = "EmployeeTest", "EmployeeTest\EmployeeTest.csproj", "{A5F88BA8-1C6B-4432-B714-9E0686C51181}"
EndProject
Global
	GlobalSection(SolutionConfigurationPlatforms) = preSolution
		Debug|Any CPU = Debug|Any CPU
		Release|Any CPU = Release|Any CPU
	EndGlobalSection
	GlobalSection(ProjectConfigurationPlatforms) = postSolution
		{20120FC0-D120-40B2-8258-685EB2E3C8F6}.Debug|Any CPU.ActiveCfg = Debug|Any CPU
		{20120FC0-D120-40B2-8258-685EB2E3C8F6}.Debug|Any CPU.Build.0 = Debug|Any CPU
		{20120FC0-D120-40B2-8258-685EB2E3C8F6}.Release|Any CPU.ActiveCfg = Release|Any CPU
		{20120FC0-D120-40B2-8258-685EB2E3C8F6}.Release|Any CPU.Build.0 = Release|Any CPU
		{89143826-2E61-4607-89D7-BCFD5448AD84}.Debug|Any CPU.ActiveCfg = Debug|Any CPU
		{89143826-2E61-4607-89D7-BCFD5448AD84}.Debug|Any CPU.Build.0 = Debug|Any CPU
		{89143826-2E61-4607-89D7-BCFD5448AD84}.Release|Any CPU.ActiveCfg = Release|Any CPU
		{89143826-2E61-4607-89D7-BCFD5448AD84}.Release|Any CPU.Build.0 = Release|Any CPU
		{A5F88BA8-1C6B-4432-B714-9E0686C51181}.Debug|Any CPU.ActiveCfg = Debug|Any CPU
		{A5F88BA8-1C6B-4432-B714-9E0686C51181}.Debug|Any CPU.Build.0 = Debug|Any CPU
		{A5F88BA8-1C6B-4432-B714-9E0686C51181}.Release|Any CPU.ActiveCfg = Release|Any CPU
		{A5F88BA8-1C6B-4432-B714-9E0686C51181}.Release|Any CPU.Build.0 = Release|Any CPU
	EndGlobalSection
	GlobalSection(SolutionProperties) = preSolution
		HideSolutionNode = FALSE
	EndGlobalSection
EndGlobal
